{
  "name": "nakama-auth-server",
  "version": "1.0.0",
  "lockfileVersion": 2,
  "requires": true,
  "packages": {
    "": {
      "name": "nakama-auth-server",
      "version": "1.0.0",
      "license": "ISC",
      "dependencies": {
        "nakama-runtime": "git+https://github.com/heroiclabs/nakama-common.git"
      },
      "devDependencies": {
        "typescript": "^4.5.2"
      }
    },
    "node_modules/nakama-runtime": {
      "version": "1.10.0",
      "resolved": "git+ssh://git@github.com/heroiclabs/nakama-common.git#bd604bb6dc68382fd0daa2cb4fb84240ec066a3e",
      "integrity": "sha512-lffTH/6UxSOMz233I5x9xWlLG0HSMxuhEVhgZL3CX9KHNXyerRJhSDtr94W0zyh2q57hK7c3hLVS7btJ/NmNWw==",
      "license": "Apache-2.0"
    },
    "node_modules/typescript": {
      "version": "4.5.2",
      "resolved": "https://registry.npmjs.org/typescript/-/typescript-4.5.2.tgz",
      "integrity": "sha512-5BlMof9H1yGt0P8/WF+wPNw6GfctgGjXp5hkblpyT+8rkASSmkUKMXrxR0Xg8ThVCi/JnHQiKXeBaEwCeQwMFw==",
      "dev": true,
      "bin": {
        "tsc": "bin/tsc",
        "tsserver": "bin/tsserver"
      },
      "engines": {
        "node": ">=4.2.0"
      }
    }
  },
  "dependencies": {
    "nakama-runtime": {
      "version": "git+ssh://git@github.com/heroiclabs/nakama-common.git#bd604bb6dc68382fd0daa2cb4fb84240ec066a3e",
      "from": "nakama-runtime@git+https://github.com/heroiclabs/nakama-common.git"
    },
    "typescript": {
      "version": "4.5.2",
      "resolved": "https://registry.npmjs.org/typescript/-/typescript-4.5.2.tgz",
      "integrity": "sha512-5BlMof9H1yGt0P8/WF+wPNw6GfctgGjXp5hkblpyT+8rkASSmkUKMXrxR0Xg8ThVCi/JnHQiKXeBaEwCeQwMFw==",
      "dev": true
    }
  }
}
